{
    "_meta": {
        "hash": {
            "sha256": "0f747e2db97a3ade8aa818ef6391c3ccd58ab713f1ac4a2ee983ddcd0356f204"
        },
        "pipfile-spec": 6,
        "requires": {
            "python_version": "3.6"
        },
        "sources": [
            {
                "name": "pypi",
                "url": "https://pypi.python.org/simple",
                "verify_ssl": true
            }
        ]
    },
    "default": {
        "certifi": {
            "hashes": [
                "sha256:59b7658e26ca9c7339e00f8f4636cdfe59d34fa37b9b04f6f9e9926b3cece1a5",
                "sha256:b26104d6835d1f5e49452a26eb2ff87fe7090b89dfcaee5ea2212697e1e1d7ae"
            ],
            "version": "==2019.3.9"
        },
        "chardet": {
            "hashes": [
                "sha256:84ab92ed1c4d4f16916e05906b6b75a6c0fb5db821cc65e70cbd64a3e2a5eaae",
                "sha256:fc323ffcaeaed0e0a02bf4d117757b98aed530d9ed4531e3e15460124c106691"
            ],
            "version": "==3.0.4"
        },
        "colorthief": {
            "hashes": [
                "sha256:079cb0c95bdd669c4643e2f7494de13b0b6029d5cdbe2d74d5d3c3386bd57221",
                "sha256:b04fc8ce5cf9c888768745e29cb19b7b688d5711af6fba26e8057debabec56b9"
            ],
            "index": "pypi",
            "version": "==0.2.1"
        },
        "idna": {
            "hashes": [
                "sha256:156a6814fb5ac1fc6850fb002e0852d56c0c8d2531923a51032d1b70760e186e",
                "sha256:684a38a6f903c1d71d6d5fac066b58d7768af4de2b832e426ec79c30daa94a16"
            ],
            "version": "==2.7"
        },
        "olefile": {
            "hashes": [
                "sha256:133b031eaf8fd2c9399b78b8bc5b8fcbe4c31e85295749bb17a87cba8f3c3964"
            ],
            "version": "==0.46"
        },
        "pick": {
            "hashes": [
                "sha256:176ca8bfb3f0601281e88f85eb28a8d1c0c2ad76f1a554ffbe939eee593ec9aa",
                "sha256:d3b2385eed5b89b6387f6353663631fa53c8a9577a26eaa7dbe2df8bc1cc8fb6"
            ],
            "index": "pypi",
            "version": "==0.6.3"
        },
        "pillow": {
            "hashes": [
                "sha256:0e3b56364a2c772c961a8faad8a835d3f24d8848310de035c9e07cc006035cbc",
                "sha256:1d742642d01914b7e0cf6fd597a51f57d21fd68f794cf84803e03e72db78a261",
                "sha256:2046a2001e2c413998951cc28aa0dbfd4cff846a12e24c2145d42630d5104094",
                "sha256:39c7c9dcf64430091e30ef14d4191b4cae9b7b5ff29762357730aac4866fb189",
                "sha256:4fb8ab0f8895fb946454ef6ffe806f49ee387095f2d6112ae24670e5fb8fbcd9",
                "sha256:53eaec751151b5713a15b1cd62b06d0fc16d72f56623c15448728c554c30770b",
                "sha256:54898190b538a6c8fa4228e866ff2e7609da1ba9fd1d9cc5dc8ca591d37ce0a8",
                "sha256:575a9b3468c82f38be0419cd39d35001ae95a0cc5226534e45430035fecef583",
                "sha256:59cef683d79b85d55a950c1e61dc7b6be0c45a5074692746354cd9a8ace1cd17",
                "sha256:6d814aa655d94c63547fc3208cb6ab886ff1a64c543b31f52658663b1bb3f011",
                "sha256:759e5e3e99c4ac87b99e9288a75236c63173d1bb24c8d3f9d9d2c8332fceeb0a",
                "sha256:822e4fc261d12fa44d88dadee0e93d59663db94d962d4ffffbf09b1fe5e5be51",
                "sha256:9184b9788a9cf677e53626a4dc141136a22d349a5480479b98defd3cfb5015a4",
                "sha256:92087cb92a968421f42235f7d8153f4766b6ba213a6efb36b8060f3c9d294569",
                "sha256:922aeb050bd52d8ce9531ab57fd2440bfe975900e8700fec385fb741c3c557c7",
                "sha256:9adcfa2477b7e279ebeee75b49f535518201bbd7d26ca2ef1cf6751cb6e658e8",
                "sha256:a336596b06e062b92eb8201a3b5dff07ae01c3a5d08ce5539d2da49b123f2be6",
                "sha256:a6f43511c79bed431ec2b56e55150b5222c732cd9e5f80e77a44e068e94c71fc",
                "sha256:a97c715d44efd5b4aa8d739b8fad88b93ed79f1b33fc2822d5802043f3b1b527",
                "sha256:b13106cb83a3b7d1a02fafb94bfafbc980465ba948b76ea1996245959c6783d2",
                "sha256:be803fae6af36639524a0f6861a8cface67bbec66c3416c3eaf592f1d45b8b20",
                "sha256:cc6a5ed5b8f9d2f25e4e42d562e0ec4df3ce838f9e9b9d9d9b65fac6fe93a4cc",
                "sha256:dc32362d0cadf18c3aef7040455760106cafe7dd3c211dc27c507e746376bb56",
                "sha256:e595312f67962d6b4fde3b7dffaaaca4becefa522d677676bb57b0ec5f8f921a",
                "sha256:e66080685863444738f08e13081c287e340b6e4f8bd674a2e0da967776ac6f46",
                "sha256:effa82e72f5064439a3d2c7ff615b999eb1c4d65bb1f1e6ee6e2ddb345b3e81e",
                "sha256:f2d71951f473744ac617b645b62d0c4df5372ef4618c425646bfe5e2e8878e61"
            ],
            "index": "pypi",
            "version": "==4.3.0"
        },
        "pytz": {
            "hashes": [
                "sha256:c41c62827ce9cafacd6f2f7018e4f83a6f1986e87bfd000b8cfbd4ab5da95f1a",
                "sha256:fae4cffc040921b8a2d60c6cf0b5d662c1190fe54d718271db4eb17d44a185b7"
            ],
            "index": "pypi",
            "version": "==2017.3"
        },
        "requests": {
            "hashes": [
                "sha256:99dcfdaaeb17caf6e526f32b6a7b780461512ab3f1d992187801694cba42770c",
                "sha256:a84b8c9ab6239b578f22d1c21d51b696dcfe004032bb80ea832398d6909d7279"
            ],
            "index": "pypi",
            "version": "==2.20.0"
        },
        "urllib3": {
            "hashes": [
                "sha256:2393a695cd12afedd0dcb26fe5d50d0cf248e5a66f75dbd89a3d4eb333a61af4",
                "sha256:a637e5fae88995b256e3409dc4d52c2e2e0ba32c42a6365fee8bbd2238de3cfb"
            ],
            "version": "==1.24.3"
        }
    },
    "develop": {}
}
